
Microsoft Visual Studio Solution File, Format Version 12.00
# Visual Studio Version 16
VisualStudioVersion = 16.0.33423.256
MinimumVisualStudioVersion = 10.0.40219.1
Project("{9A19103F-16F7-4668-BE54-9A1E7A4F7556}") = "Fag_el-Gamous", "Fag_el-Gamous.csproj", "{48B2AB9E-B5D1-413C-9883-B55324F60B08}"
EndProject
Global
	GlobalSection(SolutionConfigurationPlatforms) = preSolution
		Debug|Any CPU = Debug|Any CPU
		Release|Any CPU = Release|Any CPU
	EndGlobalSection
	GlobalSection(ProjectConfigurationPlatforms) = postSolution
		{48B2AB9E-B5D1-413C-9883-B55324F60B08}.Debug|Any CPU.ActiveCfg = Debug|Any CPU
		{48B2AB9E-B5D1-413C-9883-B55324F60B08}.Debug|Any CPU.Build.0 = Debug|Any CPU
		{48B2AB9E-B5D1-413C-9883-B55324F60B08}.Release|Any CPU.ActiveCfg = Release|Any CPU
		{48B2AB9E-B5D1-413C-9883-B55324F60B08}.Release|Any CPU.Build.0 = Release|Any CPU
	EndGlobalSection
	GlobalSection(SolutionProperties) = preSolution
		HideSolutionNode = FALSE
	EndGlobalSection
	GlobalSection(ExtensibilityGlobals) = postSolution
		SolutionGuid = {FF5AACA4-76E9-4AAD-9F07-00F317CD79DF}
	EndGlobalSection
EndGlobal
